// !$*UTF8*$!
{
	archiveVersion = 1;
	classes = {
	};
	objectVersion = 54;
	objects = {

/* Begin PBXBuildFile section */
		09B47D1B2669C6CA00865758 /* StartToPlayViewController.swift in Sources */ = {isa = PBXBuildFile; fileRef = 09B47D1A2669C6CA00865758 /* StartToPlayViewController.swift */; };
		09CC6B76266600730021D8DB /* AppDelegate.swift in Sources */ = {isa = PBXBuildFile; fileRef = 09CC6B75266600730021D8DB /* AppDelegate.swift */; };
		09CC6B78266600730021D8DB /* SceneDelegate.swift in Sources */ = {isa = PBXBuildFile; fileRef = 09CC6B77266600730021D8DB /* SceneDelegate.swift */; };
		09CC6B7A266600730021D8DB /* ViewController.swift in Sources */ = {isa = PBXBuildFile; fileRef = 09CC6B79266600730021D8DB /* ViewController.swift */; };
		09CC6B7D266600730021D8DB /* Main.storyboard in Resources */ = {isa = PBXBuildFile; fileRef = 09CC6B7B266600730021D8DB /* Main.storyboard */; };
		09CC6B7F266600760021D8DB /* Assets.xcassets in Resources */ = {isa = PBXBuildFile; fileRef = 09CC6B7E266600760021D8DB /* Assets.xcassets */; };
		09CC6B82266600760021D8DB /* LaunchScreen.storyboard in Resources */ = {isa = PBXBuildFile; fileRef = 09CC6B80266600760021D8DB /* LaunchScreen.storyboard */; };
/* End PBXBuildFile section */

/* Begin PBXFileReference section */
		09248EEE2668FC3A00369420 /* YourTurn.entitlements */ = {isa = PBXFileReference; lastKnownFileType = text.plist.entitlements; path = YourTurn.entitlements; sourceTree = "<group>"; };
		09B47D1A2669C6CA00865758 /* StartToPlayViewController.swift */ = {isa = PBXFileReference; lastKnownFileType = sourcecode.swift; path = StartToPlayViewController.swift; sourceTree = "<group>"; };
		09CC6B72266600730021D8DB /* YourTurn.app */ = {isa = PBXFileReference; explicitFileType = wrapper.application; includeInIndex = 0; path = YourTurn.app; sourceTree = BUILT_PRODUCTS_DIR; };
		09CC6B75266600730021D8DB /* AppDelegate.swift */ = {isa = PBXFileReference; lastKnownFileType = sourcecode.swift; path = AppDelegate.swift; sourceTree = "<group>"; };
		09CC6B77266600730021D8DB /* SceneDelegate.swift */ = {isa = PBXFileReference; lastKnownFileType = sourcecode.swift; path = SceneDelegate.swift; sourceTree = "<group>"; };
		09CC6B79266600730021D8DB /* ViewController.swift */ = {isa = PBXFileReference; lastKnownFileType = sourcecode.swift; path = ViewController.swift; sourceTree = "<group>"; };
		09CC6B7C266600730021D8DB /* Base */ = {isa = PBXFileReference; lastKnownFileType = file.storyboard; name = Base; path = Base.lproj/Main.storyboard; sourceTree = "<group>"; };
		09CC6B7E266600760021D8DB /* Assets.xcassets */ = {isa = PBXFileReference; lastKnownFileType = folder.assetcatalog; path = Assets.xcassets; sourceTree = "<group>"; };
		09CC6B81266600760021D8DB /* Base */ = {isa = PBXFileReference; lastKnownFileType = file.storyboard; name = Base; path = Base.lproj/LaunchScreen.storyboard; sourceTree = "<group>"; };
		09CC6B83266600760021D8DB /* Info.plist */ = {isa = PBXFileReference; lastKnownFileType = text.plist.xml; path = Info.plist; sourceTree = "<group>"; };
/* End PBXFileReference section */

/* Begin PBXFrameworksBuildPhase section */
		09CC6B6F266600730021D8DB /* Frameworks */ = {
			isa = PBXFrameworksBuildPhase;
			buildActionMask = 2147483647;
			files = (
			);
			runOnlyForDeploymentPostprocessing = 0;
		};
/* End PBXFrameworksBuildPhase section */

/* Begin PBXGroup section */
		09CC6B69266600730021D8DB = {
			isa = PBXGroup;
			children = (
				09CC6B74266600730021D8DB /* YourTurn */,
				09CC6B73266600730021D8DB /* Products */,
			);
			sourceTree = "<group>";
		};
		09CC6B73266600730021D8DB /* Products */ = {
			isa = PBXGroup;
			children = (
				09CC6B72266600730021D8DB /* YourTurn.app */,
			);
			name = Products;
			sourceTree = "<group>";
		};
		09CC6B74266600730021D8DB /* YourTurn */ = {
			isa = PBXGroup;
			children = (
				09248EEE2668FC3A00369420 /* YourTurn.entitlements */,
				09CC6B75266600730021D8DB /* AppDelegate.swift */,
				09CC6B77266600730021D8DB /* SceneDelegate.swift */,
				09CC6B79266600730021D8DB /* ViewController.swift */,
				09CC6B7B266600730021D8DB /* Main.storyboard */,
				09CC6B7E266600760021D8DB /* Assets.xcassets */,
				09CC6B80266600760021D8DB /* LaunchScreen.storyboard */,
				09CC6B83266600760021D8DB /* Info.plist */,
				09B47D1A2669C6CA00865758 /* StartToPlayViewController.swift */,
			);
			path = YourTurn;
			sourceTree = "<group>";
		};
/* End PBXGroup section */

/* Begin PBXNativeTarget section */
		09CC6B71266600730021D8DB /* YourTurn */ = {
			isa = PBXNativeTarget;
			buildConfigurationList = 09CC6B86266600760021D8DB /* Build configuration list for PBXNativeTarget "YourTurn" */;
			buildPhases = (
				09CC6B6E266600730021D8DB /* Sources */,
				09CC6B6F266600730021D8DB /* Frameworks */,
				09CC6B70266600730021D8DB /* Resources */,
			);
			buildRules = (
			);
			dependencies = (
			);
			name = YourTurn;
			productName = YourTurn;
			productReference = 09CC6B72266600730021D8DB /* YourTurn.app */;
			productType = "com.apple.product-type.application";
		};
/* End PBXNativeTarget section */

/* Begin PBXProject section */
		09CC6B6A266600730021D8DB /* Project object */ = {
			isa = PBXProject;
			attributes = {
				LastSwiftUpdateCheck = 1240;
				LastUpgradeCheck = 1240;
				TargetAttributes = {
					09CC6B71266600730021D8DB = {
						CreatedOnToolsVersion = 12.4;
					};
				};
			};
			buildConfigurationList = 09CC6B6D266600730021D8DB /* Build configuration list for PBXProject "YourTurn" */;
			compatibilityVersion = "Xcode 12.0";
			developmentRegion = en;
			hasScannedForEncodings = 0;
			knownRegions = (
				en,
				Base,
			);
			mainGroup = 09CC6B69266600730021D8DB;
			productRefGroup = 09CC6B73266600730021D8DB /* Products */;
			projectDirPath = "";
			projectRoot = "";
			targets = (
				09CC6B71266600730021D8DB /* YourTurn */,
			);
		};
/* End PBXProject section */

/* Begin PBXResourcesBuildPhase section */
		09CC6B70266600730021D8DB /* Resources */ = {
			isa = PBXResourcesBuildPhase;
			buildActionMask = 2147483647;
			files = (
				09CC6B82266600760021D8DB /* LaunchScreen.storyboard in Resources */,
				09CC6B7F266600760021D8DB /* Assets.xcassets in Resources */,
				09CC6B7D266600730021D8DB /* Main.storyboard in Resources */,
			);
			runOnlyForDeploymentPostprocessing = 0;
		};
/* End PBXResourcesBuildPhase section */

/* Begin PBXSourcesBuildPhase section */
		09CC6B6E266600730021D8DB /* Sources */ = {
			isa = PBXSourcesBuildPhase;
			buildActionMask = 2147483647;
			files = (
				09B47D1B2669C6CA00865758 /* StartToPlayViewController.swift in Sources */,
				09CC6B7A266600730021D8DB /* ViewController.swift in Sources */,
				09CC6B76266600730021D8DB /* AppDelegate.swift in Sources */,
				09CC6B78266600730021D8DB /* SceneDelegate.swift in Sources */,
			);
			runOnlyForDeploymentPostprocessing = 0;
		};
/* End PBXSourcesBuildPhase section */

/* Begin PBXVariantGroup section */
		09CC6B7B266600730021D8DB /* Main.storyboard */ = {
			isa = PBXVariantGroup;
			children = (
				09CC6B7C266600730021D8DB /* Base */,
			);
			name = Main.storyboard;
			sourceTree = "<group>";
		};
		09CC6B80266600760021D8DB /* LaunchScreen.storyboard */ = {
			isa = PBXVariantGroup;
			children = (
				09CC6B81266600760021D8DB /* Base */,
			);
			name = LaunchScreen.storyboard;
			sourceTree = "<group>";
		};
/* End PBXVariantGroup section */

/* Begin XCBuildConfiguration section */
		09CC6B84266600760021D8DB /* Debug */ = {
			isa = XCBuildConfiguration;
			buildSettings = {
				ALWAYS_SEARCH_USER_PATHS = NO;
				CLANG_ANALYZER_NONNULL = YES;
				CLANG_ANALYZER_NUMBER_OBJECT_CONVERSION = YES_AGGRESSIVE;
				CLANG_CXX_LANGUAGE_STANDARD = "gnu++14";
				CLANG_CXX_LIBRARY = "libc++";
				CLANG_ENABLE_MODULES = YES;
				CLANG_ENABLE_OBJC_ARC = YES;
				CLANG_ENABLE_OBJC_WEAK = YES;
				CLANG_WARN_BLOCK_CAPTURE_AUTORELEASING = YES;
				CLANG_WARN_BOOL_CONVERSION = YES;
				CLANG_WARN_COMMA = YES;
				CLANG_WARN_CONSTANT_CONVERSION = YES;
				CLANG_WARN_DEPRECATED_OBJC_IMPLEMENTATIONS = YES;
				CLANG_WARN_DIRECT_OBJC_ISA_USAGE = YES_ERROR;
				CLANG_WARN_DOCUMENTATION_COMMENTS = YES;
				CLANG_WARN_EMPTY_BODY = YES;
				CLANG_WARN_ENUM_CONVERSION = YES;
				CLANG_WARN_INFINITE_RECURSION = YES;
				CLANG_WARN_INT_CONVERSION = YES;
				CLANG_WARN_NON_LITERAL_NULL_CONVERSION = YES;
				CLANG_WARN_OBJC_IMPLICIT_RETAIN_SELF = YES;
				CLANG_WARN_OBJC_LITERAL_CONVERSION = YES;
				CLANG_WARN_OBJC_ROOT_CLASS = YES_ERROR;
				CLANG_WARN_QUOTED_INCLUDE_IN_FRAMEWORK_HEADER = YES;
				CLANG_WARN_RANGE_LOOP_ANALYSIS = YES;
				CLANG_WARN_STRICT_PROTOTYPES = YES;
				CLANG_WARN_SUSPICIOUS_MOVE = YES;
				CLANG_WARN_UNGUARDED_AVAILABILITY = YES_AGGRESSIVE;
				CLANG_WARN_UNREACHABLE_CODE = YES;
				CLANG_WARN__DUPLICATE_METHOD_MATCH = YES;
				COPY_PHASE_STRIP = NO;
				DEBUG_INFORMATION_FORMAT = dwarf;
				ENABLE_STRICT_OBJC_MSGSEND = YES;
				ENABLE_TESTABILITY = YES;
				GCC_C_LANGUAGE_STANDARD = gnu11;
				GCC_DYNAMIC_NO_PIC = NO;
				GCC_NO_COMMON_BLOCKS = YES;
				GCC_OPTIMIZATION_LEVEL = 0;
				GCC_PREPROCESSOR_DEFINITIONS = (
					"DEBUG=1",
					"$(inherited)",
				);
				GCC_WARN_64_TO_32_BIT_CONVERSION = YES;
				GCC_WARN_ABOUT_RETURN_TYPE = YES_ERROR;
				GCC_WARN_UNDECLARED_SELECTOR = YES;
				GCC_WARN_UNINITIALIZED_AUTOS = YES_AGGRESSIVE;
				GCC_WARN_UNUSED_FUNCTION = YES;
				GCC_WARN_UNUSED_VARIABLE = YES;
				IPHONEOS_DEPLOYMENT_TARGET = 14.4;
				MTL_ENABLE_DEBUG_INFO = INCLUDE_SOURCE;
				MTL_FAST_MATH = YES;
				ONLY_ACTIVE_ARCH = YES;
				SDKROOT = iphoneos;
				SWIFT_ACTIVE_COMPILATION_CONDITIONS = DEBUG;
				SWIFT_OPTIMIZATION_LEVEL = "-Onone";
			};
			name = Debug;
		};
		09CC6B85266600760021D8DB /* Release */ = {
			isa = XCBuildConfiguration;
			buildSettings = {
				ALWAYS_SEARCH_USER_PATHS = NO;
				CLANG_ANALYZER_NONNULL = YES;
				CLANG_ANALYZER_NUMBER_OBJECT_CONVERSION = YES_AGGRESSIVE;
				CLANG_CXX_LANGUAGE_STANDARD = "gnu++14";
				CLANG_CXX_LIBRARY = "libc++";
				CLANG_ENABLE_MODULES = YES;
				CLANG_ENABLE_OBJC_ARC = YES;
				CLANG_ENABLE_OBJC_WEAK = YES;
				CLANG_WARN_BLOCK_CAPTURE_AUTORELEASING = YES;
				CLANG_WARN_BOOL_CONVERSION = YES;
				CLANG_WARN_COMMA = YES;
				CLANG_WARN_CONSTANT_CONVERSION = YES;
				CLANG_WARN_DEPRECATED_OBJC_IMPLEMENTATIONS = YES;
				CLANG_WARN_DIRECT_OBJC_ISA_USAGE = YES_ERROR;
				CLANG_WARN_DOCUMENTATION_COMMENTS = YES;
				CLANG_WARN_EMPTY_BODY = YES;
				CLANG_WARN_ENUM_CONVERSION = YES;
				CLANG_WARN_INFINITE_RECURSION = YES;
				CLANG_WARN_INT_CONVERSION = YES;
				CLANG_WARN_NON_LITERAL_NULL_CONVERSION = YES;
				CLANG_WARN_OBJC_IMPLICIT_RETAIN_SELF = YES;
				CLANG_WARN_OBJC_LITERAL_CONVERSION = YES;
				CLANG_WARN_OBJC_ROOT_CLASS = YES_ERROR;
				CLANG_WARN_QUOTED_INCLUDE_IN_FRAMEWORK_HEADER = YES;
				CLANG_WARN_RANGE_LOOP_ANALYSIS = YES;
				CLANG_WARN_STRICT_PROTOTYPES = YES;
				CLANG_WARN_SUSPICIOUS_MOVE = YES;
				CLANG_WARN_UNGUARDED_AVAILABILITY = YES_AGGRESSIVE;
				CLANG_WARN_UNREACHABLE_CODE = YES;
				CLANG_WARN__DUPLICATE_METHOD_MATCH = YES;
				COPY_PHASE_STRIP = NO;
				DEBUG_INFORMATION_FORMAT = "dwarf-with-dsym";
				ENABLE_NS_ASSERTIONS = NO;
				ENABLE_STRICT_OBJC_MSGSEND = YES;
				GCC_C_LANGUAGE_STANDARD = gnu11;
				GCC_NO_COMMON_BLOCKS = YES;
				GCC_WARN_64_TO_32_BIT_CONVERSION = YES;
				GCC_WARN_ABOUT_RETURN_TYPE = YES_ERROR;
				GCC_WARN_UNDECLARED_SELECTOR = YES;
				GCC_WARN_UNINITIALIZED_AUTOS = YES_AGGRESSIVE;
				GCC_WARN_UNUSED_FUNCTION = YES;
				GCC_WARN_UNUSED_VARIABLE = YES;
				IPHONEOS_DEPLOYMENT_TARGET = 14.4;
				MTL_ENABLE_DEBUG_INFO = NO;
				MTL_FAST_MATH = YES;
				SDKROOT = iphoneos;
				SWIFT_COMPILATION_MODE = wholemodule;
				SWIFT_OPTIMIZATION_LEVEL = "-O";
				VALIDATE_PRODUCT = YES;
			};
			name = Release;
		};
		09CC6B87266600760021D8DB /* Debug */ = {
			isa = XCBuildConfiguration;
			buildSettings = {
				ASSETCATALOG_COMPILER_APPICON_NAME = AppIcon;
				ASSETCATALOG_COMPILER_GLOBAL_ACCENT_COLOR_NAME = AccentColor;
				CODE_SIGN_ENTITLEMENTS = YourTurn/YourTurn.entitlements;
				CODE_SIGN_IDENTITY = "Apple Development";
				"CODE_SIGN_IDENTITY[sdk=macosx*]" = "Apple Development";
				CODE_SIGN_STYLE = Automatic;
				CURRENT_PROJECT_VERSION = "1.3 Xtended ";
				DEVELOPMENT_TEAM = NU34N4V9L4;
				INFOPLIST_FILE = YourTurn/Info.plist;
				LD_RUNPATH_SEARCH_PATHS = (
					"$(inherited)",
					"@executable_path/Frameworks",
				);
				PRODUCT_BUNDLE_IDENTIFIER = com.YourTurn;
				PRODUCT_NAME = "$(TARGET_NAME)";
				PROVISIONING_PROFILE_SPECIFIER = "";
				SUPPORTS_MACCATALYST = NO;
				SWIFT_VERSION = 5.0;
				TARGETED_DEVICE_FAMILY = "1,2";
			};
			name = Debug;
		};
		09CC6B88266600760021D8DB /* Release */ = {
			isa = XCBuildConfiguration;
			buildSettings = {
				ASSETCATALOG_COMPILER_APPICON_NAME = AppIcon;
				ASSETCATALOG_COMPILER_GLOBAL_ACCENT_COLOR_NAME = AccentColor;
				CODE_SIGN_ENTITLEMENTS = YourTurn/YourTurn.entitlements;
				CODE_SIGN_IDENTITY = "Apple Development";
				"CODE_SIGN_IDENTITY[sdk=macosx*]" = "Apple Development";
				CODE_SIGN_STYLE = Automatic;
				CURRENT_PROJECT_VERSION = "1.3 Xtended ";
				DEVELOPMENT_TEAM = NU34N4V9L4;
				INFOPLIST_FILE = YourTurn/Info.plist;
				LD_RUNPATH_SEARCH_PATHS = (
					"$(inherited)",
					"@executable_path/Frameworks",
				);
				PRODUCT_BUNDLE_IDENTIFIER = com.YourTurn;
				PRODUCT_NAME = "$(TARGET_NAME)";
				PROVISIONING_PROFILE_SPECIFIER = "";
				SUPPORTS_MACCATALYST = NO;
				SWIFT_VERSION = 5.0;
				TARGETED_DEVICE_FAMILY = "1,2";
			};
			name = Release;
		};
/* End XCBuildConfiguration section */

/* Begin XCConfigurationList section */
		09CC6B6D266600730021D8DB /* Build configuration list for PBXProject "YourTurn" */ = {
			isa = XCConfigurationList;
			buildConfigurations = (
				09CC6B84266600760021D8DB /* Debug */,
				09CC6B85266600760021D8DB /* Release */,
			);
			defaultConfigurationIsVisible = 0;
			defaultConfigurationName = Release;
		};
		09CC6B86266600760021D8DB /* Build configuration list for PBXNativeTarget "YourTurn" */ = {
			isa = XCConfigurationList;
			buildConfigurations = (
				09CC6B87266600760021D8DB /* Debug */,
				09CC6B88266600760021D8DB /* Release */,
			);
			defaultConfigurationIsVisible = 0;
			defaultConfigurationName = Release;
		};
/* End XCConfigurationList section */
	};
	rootObject = 09CC6B6A266600730021D8DB /* Project object */;
}
